
Microsoft Visual Studio Solution File, Format Version 12.00
# Visual Studio 15
VisualStudioVersion = 15.0.27703.2026
MinimumVisualStudioVersion = 10.0.40219.1
Project("{F2A71F9B-5D33-465A-A702-920D77279786}") = "FPlot", "FPlot\FPlot.fsproj", "{BD91BBED-A251-487B-8E33-1B7912B4271D}"
EndProject
Project("{F2A71F9B-5D33-465A-A702-920D77279786}") = "FPlot.Test", "FPlot.Test\FPlot.Test.fsproj", "{8E70A3AD-CA54-49A2-B314-B4BFB02EB190}"
EndProject
Global
	GlobalSection(SolutionConfigurationPlatforms) = preSolution
		Debug|Any CPU = Debug|Any CPU
		Release|Any CPU = Release|Any CPU
	EndGlobalSection
	GlobalSection(ProjectConfigurationPlatforms) = postSolution
		{BD91BBED-A251-487B-8E33-1B7912B4271D}.Debug|Any CPU.ActiveCfg = Debug|Any CPU
		{BD91BBED-A251-487B-8E33-1B7912B4271D}.Debug|Any CPU.Build.0 = Debug|Any CPU
		{BD91BBED-A251-487B-8E33-1B7912B4271D}.Release|Any CPU.ActiveCfg = Release|Any CPU
		{BD91BBED-A251-487B-8E33-1B7912B4271D}.Release|Any CPU.Build.0 = Release|Any CPU
		{8E70A3AD-CA54-49A2-B314-B4BFB02EB190}.Debug|Any CPU.ActiveCfg = Debug|Any CPU
		{8E70A3AD-CA54-49A2-B314-B4BFB02EB190}.Debug|Any CPU.Build.0 = Debug|Any CPU
		{8E70A3AD-CA54-49A2-B314-B4BFB02EB190}.Release|Any CPU.ActiveCfg = Release|Any CPU
		{8E70A3AD-CA54-49A2-B314-B4BFB02EB190}.Release|Any CPU.Build.0 = Release|Any CPU
	EndGlobalSection
	GlobalSection(SolutionProperties) = preSolution
		HideSolutionNode = FALSE
	EndGlobalSection
	GlobalSection(ExtensibilityGlobals) = postSolution
		SolutionGuid = {FC9F1D18-AA7E-4E98-BC92-9C00E1604663}
	EndGlobalSection
EndGlobal
